
Microsoft Visual Studio Solution File, Format Version 12.00
# Visual Studio Version 16
VisualStudioVersion = 16.0.30114.105
MinimumVisualStudioVersion = 10.0.40219.1
Project("{FAE04EC0-301F-11D3-BF4B-00C04F79EFBC}") = "Couchbase.Fake", "Couchbase.Fake\Couchbase.Fake.csproj", "{3BBF0CEB-F3C4-4700-B0C1-03320950C350}"
EndProject
Project("{FAE04EC0-301F-11D3-BF4B-00C04F79EFBC}") = "Couchbase.Fake.Tests", "Couchbase.Fake.Tests\Couchbase.Fake.Tests.csproj", "{A1904A25-66FD-492B-92D5-636A44F472FA}"
EndProject
Project("{FAE04EC0-301F-11D3-BF4B-00C04F79EFBC}") = "Couchbase.Fake.Benchmark", "Couchbase.Fake.Benchmark\Couchbase.Fake.Benchmark.csproj", "{ADC2E08A-CB97-4719-9B07-F75E1EE2BB07}"
EndProject
Global
	GlobalSection(SolutionConfigurationPlatforms) = preSolution
		Debug|Any CPU = Debug|Any CPU
		Release|Any CPU = Release|Any CPU
	EndGlobalSection
	GlobalSection(SolutionProperties) = preSolution
		HideSolutionNode = FALSE
	EndGlobalSection
	GlobalSection(ProjectConfigurationPlatforms) = postSolution
		{3BBF0CEB-F3C4-4700-B0C1-03320950C350}.Debug|Any CPU.ActiveCfg = Debug|Any CPU
		{3BBF0CEB-F3C4-4700-B0C1-03320950C350}.Debug|Any CPU.Build.0 = Debug|Any CPU
		{3BBF0CEB-F3C4-4700-B0C1-03320950C350}.Release|Any CPU.ActiveCfg = Release|Any CPU
		{3BBF0CEB-F3C4-4700-B0C1-03320950C350}.Release|Any CPU.Build.0 = Release|Any CPU
		{A1904A25-66FD-492B-92D5-636A44F472FA}.Debug|Any CPU.ActiveCfg = Debug|Any CPU
		{A1904A25-66FD-492B-92D5-636A44F472FA}.Debug|Any CPU.Build.0 = Debug|Any CPU
		{A1904A25-66FD-492B-92D5-636A44F472FA}.Release|Any CPU.ActiveCfg = Release|Any CPU
		{A1904A25-66FD-492B-92D5-636A44F472FA}.Release|Any CPU.Build.0 = Release|Any CPU
		{ADC2E08A-CB97-4719-9B07-F75E1EE2BB07}.Debug|Any CPU.ActiveCfg = Debug|Any CPU
		{ADC2E08A-CB97-4719-9B07-F75E1EE2BB07}.Debug|Any CPU.Build.0 = Debug|Any CPU
		{ADC2E08A-CB97-4719-9B07-F75E1EE2BB07}.Release|Any CPU.ActiveCfg = Release|Any CPU
		{ADC2E08A-CB97-4719-9B07-F75E1EE2BB07}.Release|Any CPU.Build.0 = Release|Any CPU
	EndGlobalSection
EndGlobal
